
Microsoft Visual Studio Solution File, Format Version 12.00
# Visual Studio Version 16
VisualStudioVersion = 16.0.28803.156
MinimumVisualStudioVersion = 10.0.40219.1
Project("{8BC9CEB8-8B4A-11D0-8D11-00A0C91BC942}") = "emu6502", "emu6502.vcxproj", "{DA763E7C-CD88-4DE0-824E-39C7290F69E3}"
EndProject
Project("{8BC9CEB8-8B4A-11D0-8D11-00A0C91BC942}") = "test6502", "test6502.vcxproj", "{259880CE-646B-48DB-8961-32397CE32005}"
EndProject
Project("{8BC9CEB8-8B4A-11D0-8D11-00A0C91BC942}") = "nestest", "nestest.vcxproj", "{45934D07-B04C-4348-AC1F-8953CFFD5F8F}"
EndProject
Global
	GlobalSection(SolutionConfigurationPlatforms) = preSolution
		Debug|x64 = Debug|x64
		Debug|x86 = Debug|x86
		Release|x64 = Release|x64
		Release|x86 = Release|x86
	EndGlobalSection
	GlobalSection(ProjectConfigurationPlatforms) = postSolution
		{DA763E7C-CD88-4DE0-824E-39C7290F69E3}.Debug|x64.ActiveCfg = Debug|x64
		{DA763E7C-CD88-4DE0-824E-39C7290F69E3}.Debug|x64.Build.0 = Debug|x64
		{DA763E7C-CD88-4DE0-824E-39C7290F69E3}.Debug|x86.ActiveCfg = Debug|Win32
		{DA763E7C-CD88-4DE0-824E-39C7290F69E3}.Debug|x86.Build.0 = Debug|Win32
		{DA763E7C-CD88-4DE0-824E-39C7290F69E3}.Release|x64.ActiveCfg = Release|x64
		{DA763E7C-CD88-4DE0-824E-39C7290F69E3}.Release|x64.Build.0 = Release|x64
		{DA763E7C-CD88-4DE0-824E-39C7290F69E3}.Release|x86.ActiveCfg = Release|Win32
		{DA763E7C-CD88-4DE0-824E-39C7290F69E3}.Release|x86.Build.0 = Release|Win32
		{259880CE-646B-48DB-8961-32397CE32005}.Debug|x64.ActiveCfg = Debug|x64
		{259880CE-646B-48DB-8961-32397CE32005}.Debug|x64.Build.0 = Debug|x64
		{259880CE-646B-48DB-8961-32397CE32005}.Debug|x86.ActiveCfg = Debug|Win32
		{259880CE-646B-48DB-8961-32397CE32005}.Debug|x86.Build.0 = Debug|Win32
		{259880CE-646B-48DB-8961-32397CE32005}.Release|x64.ActiveCfg = Release|x64
		{259880CE-646B-48DB-8961-32397CE32005}.Release|x64.Build.0 = Release|x64
		{259880CE-646B-48DB-8961-32397CE32005}.Release|x86.ActiveCfg = Release|Win32
		{259880CE-646B-48DB-8961-32397CE32005}.Release|x86.Build.0 = Release|Win32
		{45934D07-B04C-4348-AC1F-8953CFFD5F8F}.Debug|x64.ActiveCfg = Debug|x64
		{45934D07-B04C-4348-AC1F-8953CFFD5F8F}.Debug|x64.Build.0 = Debug|x64
		{45934D07-B04C-4348-AC1F-8953CFFD5F8F}.Debug|x86.ActiveCfg = Debug|Win32
		{45934D07-B04C-4348-AC1F-8953CFFD5F8F}.Debug|x86.Build.0 = Debug|Win32
		{45934D07-B04C-4348-AC1F-8953CFFD5F8F}.Release|x64.ActiveCfg = Release|x64
		{45934D07-B04C-4348-AC1F-8953CFFD5F8F}.Release|x64.Build.0 = Release|x64
		{45934D07-B04C-4348-AC1F-8953CFFD5F8F}.Release|x86.ActiveCfg = Release|Win32
		{45934D07-B04C-4348-AC1F-8953CFFD5F8F}.Release|x86.Build.0 = Release|Win32
	EndGlobalSection
	GlobalSection(SolutionProperties) = preSolution
		HideSolutionNode = FALSE
	EndGlobalSection
	GlobalSection(ExtensibilityGlobals) = postSolution
		SolutionGuid = {89958CA4-6874-4254-A138-B733DA389D80}
	EndGlobalSection
EndGlobal
